
Microsoft Visual Studio Solution File, Format Version 12.00
Project("{FAE04EC0-301F-11D3-BF4B-00C04F79EFBC}") = "KS.Fiks.IO.Client", "KS.Fiks.IO.Client\KS.Fiks.IO.Client.csproj", "{F90F2276-7AF9-4AAB-8114-EEEBF05BF8D1}"
EndProject
Project("{FAE04EC0-301F-11D3-BF4B-00C04F79EFBC}") = "KS.Fiks.IO.Client.Tests", "KS.Fiks.IO.Client.Tests\KS.Fiks.IO.Client.Tests.csproj", "{8B45963D-3333-4CAF-98BC-102C6A3CCE8A}"
EndProject
Project("{FAE04EC0-301F-11D3-BF4B-00C04F79EFBC}") = "ExampleApplication", "ExampleApplication\ExampleApplication.csproj", "{7F12F632-DAB0-481B-9E7B-B10D461FDF03}"
EndProject
Global
	GlobalSection(SolutionConfigurationPlatforms) = preSolution
		Debug|Any CPU = Debug|Any CPU
		Release|Any CPU = Release|Any CPU
	EndGlobalSection
	GlobalSection(ProjectConfigurationPlatforms) = postSolution
		{F90F2276-7AF9-4AAB-8114-EEEBF05BF8D1}.Debug|Any CPU.ActiveCfg = Debug|Any CPU
		{F90F2276-7AF9-4AAB-8114-EEEBF05BF8D1}.Debug|Any CPU.Build.0 = Debug|Any CPU
		{F90F2276-7AF9-4AAB-8114-EEEBF05BF8D1}.Release|Any CPU.ActiveCfg = Release|Any CPU
		{F90F2276-7AF9-4AAB-8114-EEEBF05BF8D1}.Release|Any CPU.Build.0 = Release|Any CPU
		{8B45963D-3333-4CAF-98BC-102C6A3CCE8A}.Debug|Any CPU.ActiveCfg = Debug|Any CPU
		{8B45963D-3333-4CAF-98BC-102C6A3CCE8A}.Debug|Any CPU.Build.0 = Debug|Any CPU
		{8B45963D-3333-4CAF-98BC-102C6A3CCE8A}.Release|Any CPU.ActiveCfg = Release|Any CPU
		{8B45963D-3333-4CAF-98BC-102C6A3CCE8A}.Release|Any CPU.Build.0 = Release|Any CPU
		{7F12F632-DAB0-481B-9E7B-B10D461FDF03}.Debug|Any CPU.ActiveCfg = Debug|Any CPU
		{7F12F632-DAB0-481B-9E7B-B10D461FDF03}.Debug|Any CPU.Build.0 = Debug|Any CPU
		{7F12F632-DAB0-481B-9E7B-B10D461FDF03}.Release|Any CPU.ActiveCfg = Release|Any CPU
		{7F12F632-DAB0-481B-9E7B-B10D461FDF03}.Release|Any CPU.Build.0 = Release|Any CPU
	EndGlobalSection
	GlobalSection(NestedProjects) = preSolution
	EndGlobalSection
EndGlobal
